
Microsoft Visual Studio Solution File, Format Version 12.00
# Visual Studio Version 17
VisualStudioVersion = 17.1.32210.238
MinimumVisualStudioVersion = 10.0.40219.1
Project("{FAE04EC0-301F-11D3-BF4B-00C04F79EFBC}") = "Tetris", "Tetris\Tetris.csproj", "{B0014C03-B495-4977-93E4-6284A06F8015}"
EndProject
Global
	GlobalSection(SolutionConfigurationPlatforms) = preSolution
		Debug|Any CPU = Debug|Any CPU
		Release|Any CPU = Release|Any CPU
	EndGlobalSection
	GlobalSection(ProjectConfigurationPlatforms) = postSolution
		{B0014C03-B495-4977-93E4-6284A06F8015}.Debug|Any CPU.ActiveCfg = Debug|Any CPU
		{B0014C03-B495-4977-93E4-6284A06F8015}.Debug|Any CPU.Build.0 = Debug|Any CPU
		{B0014C03-B495-4977-93E4-6284A06F8015}.Release|Any CPU.ActiveCfg = Release|Any CPU
		{B0014C03-B495-4977-93E4-6284A06F8015}.Release|Any CPU.Build.0 = Release|Any CPU
	EndGlobalSection
	GlobalSection(SolutionProperties) = preSolution
		HideSolutionNode = FALSE
	EndGlobalSection
	GlobalSection(ExtensibilityGlobals) = postSolution
		SolutionGuid = {36CCDD09-45CC-404E-BB25-BBABA03359D1}
	EndGlobalSection
EndGlobal
